
Microsoft Visual Studio Solution File, Format Version 12.00
# Visual Studio Version 16
VisualStudioVersion = 16.0.29905.134
MinimumVisualStudioVersion = 10.0.40219.1
Project("{8BC9CEB8-8B4A-11D0-8D11-00A0C91BC942}") = "zoom_sdk_dotnet_wrap", "zoom_sdk_c_sharp_wrap.vcxproj", "{7B5A8DA1-8C98-40FD-B243-DC7A17011D33}"
EndProject
Project("{FAE04EC0-301F-11D3-BF4B-00C04F79EFBC}") = "zoom_sdk_demo", "..\zoom_sdk_demo\zoom_sdk_demo.csproj", "{6FF20719-D6FB-4833-8BB7-1CA27462C537}"
	ProjectSection(ProjectDependencies) = postProject
		{7B5A8DA1-8C98-40FD-B243-DC7A17011D33} = {7B5A8DA1-8C98-40FD-B243-DC7A17011D33}
	EndProjectSection
EndProject
Project("{FAE04EC0-301F-11D3-BF4B-00C04F79EFBC}") = "zoomapp-wf", "..\zoomapp-wf\zoomapp-wf.csproj", "{87E0731D-DAAC-47F6-8600-EC835584E4BC}"
EndProject
Global
	GlobalSection(SolutionConfigurationPlatforms) = preSolution
		Debug|x64 = Debug|x64
		Debug|x86 = Debug|x86
		Release|x64 = Release|x64
		Release|x86 = Release|x86
	EndGlobalSection
	GlobalSection(ProjectConfigurationPlatforms) = postSolution
		{7B5A8DA1-8C98-40FD-B243-DC7A17011D33}.Debug|x64.ActiveCfg = Debug|x64
		{7B5A8DA1-8C98-40FD-B243-DC7A17011D33}.Debug|x64.Build.0 = Debug|x64
		{7B5A8DA1-8C98-40FD-B243-DC7A17011D33}.Debug|x86.ActiveCfg = Debug|Win32
		{7B5A8DA1-8C98-40FD-B243-DC7A17011D33}.Debug|x86.Build.0 = Debug|Win32
		{7B5A8DA1-8C98-40FD-B243-DC7A17011D33}.Release|x64.ActiveCfg = Release|Win32
		{7B5A8DA1-8C98-40FD-B243-DC7A17011D33}.Release|x64.Build.0 = Release|Win32
		{7B5A8DA1-8C98-40FD-B243-DC7A17011D33}.Release|x86.ActiveCfg = Release|Win32
		{7B5A8DA1-8C98-40FD-B243-DC7A17011D33}.Release|x86.Build.0 = Release|Win32
		{6FF20719-D6FB-4833-8BB7-1CA27462C537}.Debug|x64.ActiveCfg = Debug|Any CPU
		{6FF20719-D6FB-4833-8BB7-1CA27462C537}.Debug|x64.Build.0 = Debug|Any CPU
		{6FF20719-D6FB-4833-8BB7-1CA27462C537}.Debug|x86.ActiveCfg = Debug|Any CPU
		{6FF20719-D6FB-4833-8BB7-1CA27462C537}.Debug|x86.Build.0 = Debug|Any CPU
		{6FF20719-D6FB-4833-8BB7-1CA27462C537}.Release|x64.ActiveCfg = Release|Any CPU
		{6FF20719-D6FB-4833-8BB7-1CA27462C537}.Release|x64.Build.0 = Release|Any CPU
		{6FF20719-D6FB-4833-8BB7-1CA27462C537}.Release|x86.ActiveCfg = Release|Any CPU
		{6FF20719-D6FB-4833-8BB7-1CA27462C537}.Release|x86.Build.0 = Release|Any CPU
		{87E0731D-DAAC-47F6-8600-EC835584E4BC}.Debug|x64.ActiveCfg = Debug|Any CPU
		{87E0731D-DAAC-47F6-8600-EC835584E4BC}.Debug|x64.Build.0 = Debug|Any CPU
		{87E0731D-DAAC-47F6-8600-EC835584E4BC}.Debug|x86.ActiveCfg = Debug|Any CPU
		{87E0731D-DAAC-47F6-8600-EC835584E4BC}.Debug|x86.Build.0 = Debug|Any CPU
		{87E0731D-DAAC-47F6-8600-EC835584E4BC}.Release|x64.ActiveCfg = Release|Any CPU
		{87E0731D-DAAC-47F6-8600-EC835584E4BC}.Release|x64.Build.0 = Release|Any CPU
		{87E0731D-DAAC-47F6-8600-EC835584E4BC}.Release|x86.ActiveCfg = Release|Any CPU
		{87E0731D-DAAC-47F6-8600-EC835584E4BC}.Release|x86.Build.0 = Release|Any CPU
	EndGlobalSection
	GlobalSection(SolutionProperties) = preSolution
		HideSolutionNode = FALSE
	EndGlobalSection
	GlobalSection(ExtensibilityGlobals) = postSolution
		SolutionGuid = {D9A047FB-2332-47B5-A193-F34483AB78D6}
	EndGlobalSection
EndGlobal
